
Microsoft Visual Studio Solution File, Format Version 12.00
# Visual Studio Version 17
VisualStudioVersion = 17.5.002.0
MinimumVisualStudioVersion = 10.0.40219.1
Project("{9A19103F-16F7-4668-BE54-9A1E7A4F7556}") = "Урок_1", "Урок_1.csproj", "{632A48A0-29EC-4136-AB66-12E1AD97CF2F}"
EndProject
Global
	GlobalSection(SolutionConfigurationPlatforms) = preSolution
		Debug|Any CPU = Debug|Any CPU
		Release|Any CPU = Release|Any CPU
	EndGlobalSection
	GlobalSection(ProjectConfigurationPlatforms) = postSolution
		{632A48A0-29EC-4136-AB66-12E1AD97CF2F}.Debug|Any CPU.ActiveCfg = Debug|Any CPU
		{632A48A0-29EC-4136-AB66-12E1AD97CF2F}.Debug|Any CPU.Build.0 = Debug|Any CPU
		{632A48A0-29EC-4136-AB66-12E1AD97CF2F}.Release|Any CPU.ActiveCfg = Release|Any CPU
		{632A48A0-29EC-4136-AB66-12E1AD97CF2F}.Release|Any CPU.Build.0 = Release|Any CPU
	EndGlobalSection
	GlobalSection(SolutionProperties) = preSolution
		HideSolutionNode = FALSE
	EndGlobalSection
	GlobalSection(ExtensibilityGlobals) = postSolution
		SolutionGuid = {2551285F-FB05-4FF6-B151-4B0E3FAD06CC}
	EndGlobalSection
EndGlobal
